// !$*UTF8*$!
{
	archiveVersion = 1;
	classes = {
	};
	objectVersion = 50;
	objects = {

/* Begin PBXBuildFile section */
		0524AC97228CD25D000D27A9 /* AppDelegate.swift in Sources */ = {isa = PBXBuildFile; fileRef = 0524AC96228CD25D000D27A9 /* AppDelegate.swift */; };
		0524AC99228CD25D000D27A9 /* FirstViewController.swift in Sources */ = {isa = PBXBuildFile; fileRef = 0524AC98228CD25D000D27A9 /* FirstViewController.swift */; };
		0524AC9B228CD25D000D27A9 /* SecondViewController.swift in Sources */ = {isa = PBXBuildFile; fileRef = 0524AC9A228CD25D000D27A9 /* SecondViewController.swift */; };
		0524AC9E228CD25D000D27A9 /* Main.storyboard in Resources */ = {isa = PBXBuildFile; fileRef = 0524AC9C228CD25D000D27A9 /* Main.storyboard */; };
		0524ACA3228CD25E000D27A9 /* LaunchScreen.storyboard in Resources */ = {isa = PBXBuildFile; fileRef = 0524ACA1228CD25E000D27A9 /* LaunchScreen.storyboard */; };
		0524ACAE228CD25E000D27A9 /* Music_PlayerTests.swift in Sources */ = {isa = PBXBuildFile; fileRef = 0524ACAD228CD25E000D27A9 /* Music_PlayerTests.swift */; };
		0524ACB9228CD25E000D27A9 /* Music_PlayerUITests.swift in Sources */ = {isa = PBXBuildFile; fileRef = 0524ACB8228CD25E000D27A9 /* Music_PlayerUITests.swift */; };
		0524ACD3228CD72E000D27A9 /* Skjermbilde 2017-01-30 kl. 16.14.11.png in Resources */ = {isa = PBXBuildFile; fileRef = 0524ACD2228CD72E000D27A9 /* Skjermbilde 2017-01-30 kl. 16.14.11.png */; };
		0524ACD5228CD82D000D27A9 /* Always_Be_My_Unicorn.mp3 in Resources */ = {isa = PBXBuildFile; fileRef = 0524ACD4228CD82D000D27A9 /* Always_Be_My_Unicorn.mp3 */; };
		0524ACD7228CD834000D27A9 /* Sky_Skating.mp3 in Resources */ = {isa = PBXBuildFile; fileRef = 0524ACD6228CD834000D27A9 /* Sky_Skating.mp3 */; };
		0524ACE4228CDB29000D27A9 /* Barely_Small.mp3 in Resources */ = {isa = PBXBuildFile; fileRef = 0524ACE1228CDB28000D27A9 /* Barely_Small.mp3 */; };
		0524ACE5228CDB29000D27A9 /* Fine_Line.mp3 in Resources */ = {isa = PBXBuildFile; fileRef = 0524ACE2228CDB28000D27A9 /* Fine_Line.mp3 */; };
		0524ACE6228CDB29000D27A9 /* Slip.mp3 in Resources */ = {isa = PBXBuildFile; fileRef = 0524ACE3228CDB29000D27A9 /* Slip.mp3 */; };
		05787B06228CF3040082A819 /* GoogleService-Info.plist in Resources */ = {isa = PBXBuildFile; fileRef = 05787B05228CF3040082A819 /* GoogleService-Info.plist */; };
		05787B07228CF3040082A819 /* GoogleService-Info.plist in Resources */ = {isa = PBXBuildFile; fileRef = 05787B05228CF3040082A819 /* GoogleService-Info.plist */; };
		05787B08228CF3040082A819 /* GoogleService-Info.plist in Resources */ = {isa = PBXBuildFile; fileRef = 05787B05228CF3040082A819 /* GoogleService-Info.plist */; };
		058BAB98228DEA6F0078999F /* BaseViewController.swift in Sources */ = {isa = PBXBuildFile; fileRef = 058BAB97228DEA6F0078999F /* BaseViewController.swift */; };
		34B11EB20FA7F61F38CEF337 /* Pods_Music_PlayerUITests.framework in Frameworks */ = {isa = PBXBuildFile; fileRef = 5126E5A7BCF35AF1486CCC35 /* Pods_Music_PlayerUITests.framework */; };
		444E6928617262FF59FAFA4B /* Pods_Music_Player.framework in Frameworks */ = {isa = PBXBuildFile; fileRef = 3CE7306FE349570A948C387D /* Pods_Music_Player.framework */; };
		A7EBBFD4531B893A7FD8B531 /* Pods_Music_PlayerTests.framework in Frameworks */ = {isa = PBXBuildFile; fileRef = 290C5537465425D80B62044A /* Pods_Music_PlayerTests.framework */; };
/* End PBXBuildFile section */

/* Begin PBXContainerItemProxy section */
		0524ACAA228CD25E000D27A9 /* PBXContainerItemProxy */ = {
			isa = PBXContainerItemProxy;
			containerPortal = 0524AC8B228CD25D000D27A9 /* Project object */;
			proxyType = 1;
			remoteGlobalIDString = 0524AC92228CD25D000D27A9;
			remoteInfo = "Music Player";
		};
		0524ACB5228CD25E000D27A9 /* PBXContainerItemProxy */ = {
			isa = PBXContainerItemProxy;
			containerPortal = 0524AC8B228CD25D000D27A9 /* Project object */;
			proxyType = 1;
			remoteGlobalIDString = 0524AC92228CD25D000D27A9;
			remoteInfo = "Music Player";
		};
/* End PBXContainerItemProxy section */

/* Begin PBXFileReference section */
		0524AC93228CD25D000D27A9 /* Music Player.app */ = {isa = PBXFileReference; explicitFileType = wrapper.application; includeInIndex = 0; path = "Music Player.app"; sourceTree = BUILT_PRODUCTS_DIR; };
		0524AC96228CD25D000D27A9 /* AppDelegate.swift */ = {isa = PBXFileReference; lastKnownFileType = sourcecode.swift; path = AppDelegate.swift; sourceTree = "<group>"; };
		0524AC98228CD25D000D27A9 /* FirstViewController.swift */ = {isa = PBXFileReference; lastKnownFileType = sourcecode.swift; path = FirstViewController.swift; sourceTree = "<group>"; };
		0524AC9A228CD25D000D27A9 /* SecondViewController.swift */ = {isa = PBXFileReference; lastKnownFileType = sourcecode.swift; path = SecondViewController.swift; sourceTree = "<group>"; };
		0524AC9D228CD25D000D27A9 /* Base */ = {isa = PBXFileReference; lastKnownFileType = file.storyboard; name = Base; path = Base.lproj/Main.storyboard; sourceTree = "<group>"; };
		0524ACA2228CD25E000D27A9 /* Base */ = {isa = PBXFileReference; lastKnownFileType = file.storyboard; name = Base; path = Base.lproj/LaunchScreen.storyboard; sourceTree = "<group>"; };
		0524ACA4228CD25E000D27A9 /* Info.plist */ = {isa = PBXFileReference; lastKnownFileType = text.plist.xml; path = Info.plist; sourceTree = "<group>"; };
		0524ACA9228CD25E000D27A9 /* Music PlayerTests.xctest */ = {isa = PBXFileReference; explicitFileType = wrapper.cfbundle; includeInIndex = 0; path = "Music PlayerTests.xctest"; sourceTree = BUILT_PRODUCTS_DIR; };
		0524ACAD228CD25E000D27A9 /* Music_PlayerTests.swift */ = {isa = PBXFileReference; lastKnownFileType = sourcecode.swift; path = Music_PlayerTests.swift; sourceTree = "<group>"; };
		0524ACAF228CD25E000D27A9 /* Info.plist */ = {isa = PBXFileReference; lastKnownFileType = text.plist.xml; path = Info.plist; sourceTree = "<group>"; };
		0524ACB4228CD25E000D27A9 /* Music PlayerUITests.xctest */ = {isa = PBXFileReference; explicitFileType = wrapper.cfbundle; includeInIndex = 0; path = "Music PlayerUITests.xctest"; sourceTree = BUILT_PRODUCTS_DIR; };
		0524ACB8228CD25E000D27A9 /* Music_PlayerUITests.swift */ = {isa = PBXFileReference; lastKnownFileType = sourcecode.swift; path = Music_PlayerUITests.swift; sourceTree = "<group>"; };
		0524ACBA228CD25E000D27A9 /* Info.plist */ = {isa = PBXFileReference; lastKnownFileType = text.plist.xml; path = Info.plist; sourceTree = "<group>"; };
		0524ACD2228CD72E000D27A9 /* Skjermbilde 2017-01-30 kl. 16.14.11.png */ = {isa = PBXFileReference; lastKnownFileType = image.png; path = "Skjermbilde 2017-01-30 kl. 16.14.11.png"; sourceTree = "<group>"; };
		0524ACD4228CD82D000D27A9 /* Always_Be_My_Unicorn.mp3 */ = {isa = PBXFileReference; lastKnownFileType = audio.mp3; path = Always_Be_My_Unicorn.mp3; sourceTree = "<group>"; };
		0524ACD6228CD834000D27A9 /* Sky_Skating.mp3 */ = {isa = PBXFileReference; lastKnownFileType = audio.mp3; path = Sky_Skating.mp3; sourceTree = "<group>"; };
		0524ACE1228CDB28000D27A9 /* Barely_Small.mp3 */ = {isa = PBXFileReference; lastKnownFileType = audio.mp3; path = Barely_Small.mp3; sourceTree = "<group>"; };
		0524ACE2228CDB28000D27A9 /* Fine_Line.mp3 */ = {isa = PBXFileReference; lastKnownFileType = audio.mp3; path = Fine_Line.mp3; sourceTree = "<group>"; };
		0524ACE3228CDB29000D27A9 /* Slip.mp3 */ = {isa = PBXFileReference; lastKnownFileType = audio.mp3; path = Slip.mp3; sourceTree = "<group>"; };
		05787B05228CF3040082A819 /* GoogleService-Info.plist */ = {isa = PBXFileReference; fileEncoding = 4; lastKnownFileType = text.plist.xml; path = "GoogleService-Info.plist"; sourceTree = "<group>"; };
		058BAB97228DEA6F0078999F /* BaseViewController.swift */ = {isa = PBXFileReference; lastKnownFileType = sourcecode.swift; path = BaseViewController.swift; sourceTree = "<group>"; };
		290C5537465425D80B62044A /* Pods_Music_PlayerTests.framework */ = {isa = PBXFileReference; explicitFileType = wrapper.framework; includeInIndex = 0; path = Pods_Music_PlayerTests.framework; sourceTree = BUILT_PRODUCTS_DIR; };
		3CE7306FE349570A948C387D /* Pods_Music_Player.framework */ = {isa = PBXFileReference; explicitFileType = wrapper.framework; includeInIndex = 0; path = Pods_Music_Player.framework; sourceTree = BUILT_PRODUCTS_DIR; };
		3E4772A363FB2371CA27C977 /* Pods-Music PlayerTests.debug.xcconfig */ = {isa = PBXFileReference; includeInIndex = 1; lastKnownFileType = text.xcconfig; name = "Pods-Music PlayerTests.debug.xcconfig"; path = "Target Support Files/Pods-Music PlayerTests/Pods-Music PlayerTests.debug.xcconfig"; sourceTree = "<group>"; };
		487A4F8F9B0FDC103B673735 /* Pods-Music PlayerUITests.debug.xcconfig */ = {isa = PBXFileReference; includeInIndex = 1; lastKnownFileType = text.xcconfig; name = "Pods-Music PlayerUITests.debug.xcconfig"; path = "Target Support Files/Pods-Music PlayerUITests/Pods-Music PlayerUITests.debug.xcconfig"; sourceTree = "<group>"; };
		5126E5A7BCF35AF1486CCC35 /* Pods_Music_PlayerUITests.framework */ = {isa = PBXFileReference; explicitFileType = wrapper.framework; includeInIndex = 0; path = Pods_Music_PlayerUITests.framework; sourceTree = BUILT_PRODUCTS_DIR; };
		867206D92C31DCC9B7E33B73 /* Pods-Music PlayerUITests.release.xcconfig */ = {isa = PBXFileReference; includeInIndex = 1; lastKnownFileType = text.xcconfig; name = "Pods-Music PlayerUITests.release.xcconfig"; path = "Target Support Files/Pods-Music PlayerUITests/Pods-Music PlayerUITests.release.xcconfig"; sourceTree = "<group>"; };
		B14E1364EAB089A0C3338668 /* Pods-Music PlayerTests.release.xcconfig */ = {isa = PBXFileReference; includeInIndex = 1; lastKnownFileType = text.xcconfig; name = "Pods-Music PlayerTests.release.xcconfig"; path = "Target Support Files/Pods-Music PlayerTests/Pods-Music PlayerTests.release.xcconfig"; sourceTree = "<group>"; };
		E558EE47B3C6779AD9D3120F /* Pods-Music Player.debug.xcconfig */ = {isa = PBXFileReference; includeInIndex = 1; lastKnownFileType = text.xcconfig; name = "Pods-Music Player.debug.xcconfig"; path = "Target Support Files/Pods-Music Player/Pods-Music Player.debug.xcconfig"; sourceTree = "<group>"; };
		FBC5BF7088FDC287BC0278AA /* Pods-Music Player.release.xcconfig */ = {isa = PBXFileReference; includeInIndex = 1; lastKnownFileType = text.xcconfig; name = "Pods-Music Player.release.xcconfig"; path = "Target Support Files/Pods-Music Player/Pods-Music Player.release.xcconfig"; sourceTree = "<group>"; };
/* End PBXFileReference section */

/* Begin PBXFrameworksBuildPhase section */
		0524AC90228CD25D000D27A9 /* Frameworks */ = {
			isa = PBXFrameworksBuildPhase;
			buildActionMask = 2147483647;
			files = (
				444E6928617262FF59FAFA4B /* Pods_Music_Player.framework in Frameworks */,
			);
			runOnlyForDeploymentPostprocessing = 0;
		};
		0524ACA6228CD25E000D27A9 /* Frameworks */ = {
			isa = PBXFrameworksBuildPhase;
			buildActionMask = 2147483647;
			files = (
				A7EBBFD4531B893A7FD8B531 /* Pods_Music_PlayerTests.framework in Frameworks */,
			);
			runOnlyForDeploymentPostprocessing = 0;
		};
		0524ACB1228CD25E000D27A9 /* Frameworks */ = {
			isa = PBXFrameworksBuildPhase;
			buildActionMask = 2147483647;
			files = (
				34B11EB20FA7F61F38CEF337 /* Pods_Music_PlayerUITests.framework in Frameworks */,
			);
			runOnlyForDeploymentPostprocessing = 0;
		};
/* End PBXFrameworksBuildPhase section */

/* Begin PBXGroup section */
		0524AC8A228CD25D000D27A9 = {
			isa = PBXGroup;
			children = (
				0524AC95228CD25D000D27A9 /* Music Player */,
				0524ACAC228CD25E000D27A9 /* Music PlayerTests */,
				0524ACB7228CD25E000D27A9 /* Music PlayerUITests */,
				0524AC94228CD25D000D27A9 /* Products */,
				10644115E9908C0F3EF59CCA /* Pods */,
				309A5C982B584A507AF4B22F /* Frameworks */,
			);
			sourceTree = "<group>";
		};
		0524AC94228CD25D000D27A9 /* Products */ = {
			isa = PBXGroup;
			children = (
				0524AC93228CD25D000D27A9 /* Music Player.app */,
				0524ACA9228CD25E000D27A9 /* Music PlayerTests.xctest */,
				0524ACB4228CD25E000D27A9 /* Music PlayerUITests.xctest */,
			);
			name = Products;
			sourceTree = "<group>";
		};
		0524AC95228CD25D000D27A9 /* Music Player */ = {
			isa = PBXGroup;
			children = (
				0524AC96228CD25D000D27A9 /* AppDelegate.swift */,
				058BAB97228DEA6F0078999F /* BaseViewController.swift */,
				0524AC98228CD25D000D27A9 /* FirstViewController.swift */,
				0524AC9A228CD25D000D27A9 /* SecondViewController.swift */,
				0524AC9C228CD25D000D27A9 /* Main.storyboard */,
				0524ACD2228CD72E000D27A9 /* Skjermbilde 2017-01-30 kl. 16.14.11.png */,
				0524ACA1228CD25E000D27A9 /* LaunchScreen.storyboard */,
				0524ACA4228CD25E000D27A9 /* Info.plist */,
				05787B05228CF3040082A819 /* GoogleService-Info.plist */,
				0524ACD1228CD557000D27A9 /* Songs */,
			);
			path = "Music Player";
			sourceTree = "<group>";
		};
		0524ACAC228CD25E000D27A9 /* Music PlayerTests */ = {
			isa = PBXGroup;
			children = (
				0524ACAD228CD25E000D27A9 /* Music_PlayerTests.swift */,
				0524ACAF228CD25E000D27A9 /* Info.plist */,
			);
			path = "Music PlayerTests";
			sourceTree = "<group>";
		};
		0524ACB7228CD25E000D27A9 /* Music PlayerUITests */ = {
			isa = PBXGroup;
			children = (
				0524ACB8228CD25E000D27A9 /* Music_PlayerUITests.swift */,
				0524ACBA228CD25E000D27A9 /* Info.plist */,
			);
			path = "Music PlayerUITests";
			sourceTree = "<group>";
		};
		0524ACD1228CD557000D27A9 /* Songs */ = {
			isa = PBXGroup;
			children = (
				0524ACE1228CDB28000D27A9 /* Barely_Small.mp3 */,
				0524ACE2228CDB28000D27A9 /* Fine_Line.mp3 */,
				0524ACE3228CDB29000D27A9 /* Slip.mp3 */,
				0524ACD6228CD834000D27A9 /* Sky_Skating.mp3 */,
				0524ACD4228CD82D000D27A9 /* Always_Be_My_Unicorn.mp3 */,
			);
			path = Songs;
			sourceTree = "<group>";
		};
		10644115E9908C0F3EF59CCA /* Pods */ = {
			isa = PBXGroup;
			children = (
				E558EE47B3C6779AD9D3120F /* Pods-Music Player.debug.xcconfig */,
				FBC5BF7088FDC287BC0278AA /* Pods-Music Player.release.xcconfig */,
				3E4772A363FB2371CA27C977 /* Pods-Music PlayerTests.debug.xcconfig */,
				B14E1364EAB089A0C3338668 /* Pods-Music PlayerTests.release.xcconfig */,
				487A4F8F9B0FDC103B673735 /* Pods-Music PlayerUITests.debug.xcconfig */,
				867206D92C31DCC9B7E33B73 /* Pods-Music PlayerUITests.release.xcconfig */,
			);
			path = Pods;
			sourceTree = "<group>";
		};
		309A5C982B584A507AF4B22F /* Frameworks */ = {
			isa = PBXGroup;
			children = (
				3CE7306FE349570A948C387D /* Pods_Music_Player.framework */,
				290C5537465425D80B62044A /* Pods_Music_PlayerTests.framework */,
				5126E5A7BCF35AF1486CCC35 /* Pods_Music_PlayerUITests.framework */,
			);
			name = Frameworks;
			sourceTree = "<group>";
		};
/* End PBXGroup section */

/* Begin PBXNativeTarget section */
		0524AC92228CD25D000D27A9 /* Music Player */ = {
			isa = PBXNativeTarget;
			buildConfigurationList = 0524ACBD228CD25F000D27A9 /* Build configuration list for PBXNativeTarget "Music Player" */;
			buildPhases = (
				E0260A5A9A4F0BC56490A90F /* [CP] Check Pods Manifest.lock */,
				0524AC8F228CD25D000D27A9 /* Sources */,
				0524AC90228CD25D000D27A9 /* Frameworks */,
				0524AC91228CD25D000D27A9 /* Resources */,
				226DB855F39F8A0F78506305 /* [CP] Embed Pods Frameworks */,
				0AED0FB871719F8318D2BB35 /* [CP] Copy Pods Resources */,
			);
			buildRules = (
			);
			dependencies = (
			);
			name = "Music Player";
			productName = "Music Player";
			productReference = 0524AC93228CD25D000D27A9 /* Music Player.app */;
			productType = "com.apple.product-type.application";
		};
		0524ACA8228CD25E000D27A9 /* Music PlayerTests */ = {
			isa = PBXNativeTarget;
			buildConfigurationList = 0524ACC0228CD25F000D27A9 /* Build configuration list for PBXNativeTarget "Music PlayerTests" */;
			buildPhases = (
				921EA9C3E6072C7F922F232E /* [CP] Check Pods Manifest.lock */,
				0524ACA5228CD25E000D27A9 /* Sources */,
				0524ACA6228CD25E000D27A9 /* Frameworks */,
				0524ACA7228CD25E000D27A9 /* Resources */,
			);
			buildRules = (
			);
			dependencies = (
				0524ACAB228CD25E000D27A9 /* PBXTargetDependency */,
			);
			name = "Music PlayerTests";
			productName = "Music PlayerTests";
			productReference = 0524ACA9228CD25E000D27A9 /* Music PlayerTests.xctest */;
			productType = "com.apple.product-type.bundle.unit-test";
		};
		0524ACB3228CD25E000D27A9 /* Music PlayerUITests */ = {
			isa = PBXNativeTarget;
			buildConfigurationList = 0524ACC3228CD25F000D27A9 /* Build configuration list for PBXNativeTarget "Music PlayerUITests" */;
			buildPhases = (
				0D3BBC05B86B4AE99088CD2D /* [CP] Check Pods Manifest.lock */,
				0524ACB0228CD25E000D27A9 /* Sources */,
				0524ACB1228CD25E000D27A9 /* Frameworks */,
				0524ACB2228CD25E000D27A9 /* Resources */,
			);
			buildRules = (
			);
			dependencies = (
				0524ACB6228CD25E000D27A9 /* PBXTargetDependency */,
			);
			name = "Music PlayerUITests";
			productName = "Music PlayerUITests";
			productReference = 0524ACB4228CD25E000D27A9 /* Music PlayerUITests.xctest */;
			productType = "com.apple.product-type.bundle.ui-testing";
		};
/* End PBXNativeTarget section */

/* Begin PBXProject section */
		0524AC8B228CD25D000D27A9 /* Project object */ = {
			isa = PBXProject;
			attributes = {
				LastSwiftUpdateCheck = 1010;
				LastUpgradeCheck = 1010;
				ORGANIZATIONNAME = "Jaren Lynch";
				TargetAttributes = {
					0524AC92228CD25D000D27A9 = {
						CreatedOnToolsVersion = 10.1;
					};
					0524ACA8228CD25E000D27A9 = {
						CreatedOnToolsVersion = 10.1;
						TestTargetID = 0524AC92228CD25D000D27A9;
					};
					0524ACB3228CD25E000D27A9 = {
						CreatedOnToolsVersion = 10.1;
						TestTargetID = 0524AC92228CD25D000D27A9;
					};
				};
			};
			buildConfigurationList = 0524AC8E228CD25D000D27A9 /* Build configuration list for PBXProject "Music Player" */;
			compatibilityVersion = "Xcode 9.3";
			developmentRegion = en;
			hasScannedForEncodings = 0;
			knownRegions = (
				en,
				Base,
			);
			mainGroup = 0524AC8A228CD25D000D27A9;
			productRefGroup = 0524AC94228CD25D000D27A9 /* Products */;
			projectDirPath = "";
			projectRoot = "";
			targets = (
				0524AC92228CD25D000D27A9 /* Music Player */,
				0524ACA8228CD25E000D27A9 /* Music PlayerTests */,
				0524ACB3228CD25E000D27A9 /* Music PlayerUITests */,
			);
		};
/* End PBXProject section */

/* Begin PBXResourcesBuildPhase section */
		0524AC91228CD25D000D27A9 /* Resources */ = {
			isa = PBXResourcesBuildPhase;
			buildActionMask = 2147483647;
			files = (
				0524ACE5228CDB29000D27A9 /* Fine_Line.mp3 in Resources */,
				0524ACA3228CD25E000D27A9 /* LaunchScreen.storyboard in Resources */,
				05787B06228CF3040082A819 /* GoogleService-Info.plist in Resources */,
				0524ACD3228CD72E000D27A9 /* Skjermbilde 2017-01-30 kl. 16.14.11.png in Resources */,
				0524ACD5228CD82D000D27A9 /* Always_Be_My_Unicorn.mp3 in Resources */,
				0524ACE4228CDB29000D27A9 /* Barely_Small.mp3 in Resources */,
				0524ACD7228CD834000D27A9 /* Sky_Skating.mp3 in Resources */,
				0524ACE6228CDB29000D27A9 /* Slip.mp3 in Resources */,
				0524AC9E228CD25D000D27A9 /* Main.storyboard in Resources */,
			);
			runOnlyForDeploymentPostprocessing = 0;
		};
		0524ACA7228CD25E000D27A9 /* Resources */ = {
			isa = PBXResourcesBuildPhase;
			buildActionMask = 2147483647;
			files = (
				05787B07228CF3040082A819 /* GoogleService-Info.plist in Resources */,
			);
			runOnlyForDeploymentPostprocessing = 0;
		};
		0524ACB2228CD25E000D27A9 /* Resources */ = {
			isa = PBXResourcesBuildPhase;
			buildActionMask = 2147483647;
			files = (
				05787B08228CF3040082A819 /* GoogleService-Info.plist in Resources */,
			);
			runOnlyForDeploymentPostprocessing = 0;
		};
/* End PBXResourcesBuildPhase section */

/* Begin PBXShellScriptBuildPhase section */
		0AED0FB871719F8318D2BB35 /* [CP] Copy Pods Resources */ = {
			isa = PBXShellScriptBuildPhase;
			buildActionMask = 2147483647;
			files = (
			);
			inputFileListPaths = (
			);
			inputPaths = (
				"${PODS_ROOT}/Target Support Files/Pods-Music Player/Pods-Music Player-resources.sh",
				"${PODS_CONFIGURATION_BUILD_DIR}/FirebaseUI/FirebaseAuthUI.bundle",
				"${PODS_CONFIGURATION_BUILD_DIR}/FirebaseUI/FirebaseEmailAuthUI.bundle",
				"${PODS_CONFIGURATION_BUILD_DIR}/FirebaseUI/FirebaseGoogleAuthUI.bundle",
				"${PODS_ROOT}/GoogleSignIn/Resources/GoogleSignIn.bundle",
			);
			name = "[CP] Copy Pods Resources";
			outputFileListPaths = (
			);
			outputPaths = (
				"${TARGET_BUILD_DIR}/${UNLOCALIZED_RESOURCES_FOLDER_PATH}/FirebaseAuthUI.bundle",
				"${TARGET_BUILD_DIR}/${UNLOCALIZED_RESOURCES_FOLDER_PATH}/FirebaseEmailAuthUI.bundle",
				"${TARGET_BUILD_DIR}/${UNLOCALIZED_RESOURCES_FOLDER_PATH}/FirebaseGoogleAuthUI.bundle",
				"${TARGET_BUILD_DIR}/${UNLOCALIZED_RESOURCES_FOLDER_PATH}/GoogleSignIn.bundle",
			);
			runOnlyForDeploymentPostprocessing = 0;
			shellPath = /bin/sh;
			shellScript = "\"${PODS_ROOT}/Target Support Files/Pods-Music Player/Pods-Music Player-resources.sh\"\n";
			showEnvVarsInLog = 0;
		};
		0D3BBC05B86B4AE99088CD2D /* [CP] Check Pods Manifest.lock */ = {
			isa = PBXShellScriptBuildPhase;
			buildActionMask = 2147483647;
			files = (
			);
			inputFileListPaths = (
			);
			inputPaths = (
				"${PODS_PODFILE_DIR_PATH}/Podfile.lock",
				"${PODS_ROOT}/Manifest.lock",
			);
			name = "[CP] Check Pods Manifest.lock";
			outputFileListPaths = (
			);
			outputPaths = (
				"$(DERIVED_FILE_DIR)/Pods-Music PlayerUITests-checkManifestLockResult.txt",
			);
			runOnlyForDeploymentPostprocessing = 0;
			shellPath = /bin/sh;
			shellScript = "diff \"${PODS_PODFILE_DIR_PATH}/Podfile.lock\" \"${PODS_ROOT}/Manifest.lock\" > /dev/null\nif [ $? != 0 ] ; then\n    # print error to STDERR\n    echo \"error: The sandbox is not in sync with the Podfile.lock. Run 'pod install' or update your CocoaPods installation.\" >&2\n    exit 1\nfi\n# This output is used by Xcode 'outputs' to avoid re-running this script phase.\necho \"SUCCESS\" > \"${SCRIPT_OUTPUT_FILE_0}\"\n";
			showEnvVarsInLog = 0;
		};
		226DB855F39F8A0F78506305 /* [CP] Embed Pods Frameworks */ = {
			isa = PBXShellScriptBuildPhase;
			buildActionMask = 2147483647;
			files = (
			);
			inputFileListPaths = (
			);
			inputPaths = (
				"${PODS_ROOT}/Target Support Files/Pods-Music Player/Pods-Music Player-frameworks.sh",
				"${BUILT_PRODUCTS_DIR}/BoringSSL-GRPC/openssl_grpc.framework",
				"${BUILT_PRODUCTS_DIR}/GTMSessionFetcher/GTMSessionFetcher.framework",
				"${BUILT_PRODUCTS_DIR}/GoogleToolboxForMac/GoogleToolboxForMac.framework",
				"${BUILT_PRODUCTS_DIR}/GoogleUtilities/GoogleUtilities.framework",
				"${BUILT_PRODUCTS_DIR}/Protobuf/Protobuf.framework",
				"${BUILT_PRODUCTS_DIR}/gRPC-C++/grpcpp.framework",
				"${BUILT_PRODUCTS_DIR}/gRPC-Core/grpc.framework",
				"${BUILT_PRODUCTS_DIR}/leveldb-library/leveldb.framework",
				"${BUILT_PRODUCTS_DIR}/nanopb/nanopb.framework",
			);
			name = "[CP] Embed Pods Frameworks";
			outputFileListPaths = (
			);
			outputPaths = (
				"${TARGET_BUILD_DIR}/${FRAMEWORKS_FOLDER_PATH}/openssl_grpc.framework",
				"${TARGET_BUILD_DIR}/${FRAMEWORKS_FOLDER_PATH}/GTMSessionFetcher.framework",
				"${TARGET_BUILD_DIR}/${FRAMEWORKS_FOLDER_PATH}/GoogleToolboxForMac.framework",
				"${TARGET_BUILD_DIR}/${FRAMEWORKS_FOLDER_PATH}/GoogleUtilities.framework",
				"${TARGET_BUILD_DIR}/${FRAMEWORKS_FOLDER_PATH}/Protobuf.framework",
				"${TARGET_BUILD_DIR}/${FRAMEWORKS_FOLDER_PATH}/grpcpp.framework",
				"${TARGET_BUILD_DIR}/${FRAMEWORKS_FOLDER_PATH}/grpc.framework",
				"${TARGET_BUILD_DIR}/${FRAMEWORKS_FOLDER_PATH}/leveldb.framework",
				"${TARGET_BUILD_DIR}/${FRAMEWORKS_FOLDER_PATH}/nanopb.framework",
			);
			runOnlyForDeploymentPostprocessing = 0;
			shellPath = /bin/sh;
			shellScript = "\"${PODS_ROOT}/Target Support Files/Pods-Music Player/Pods-Music Player-frameworks.sh\"\n";
			showEnvVarsInLog = 0;
		};
		921EA9C3E6072C7F922F232E /* [CP] Check Pods Manifest.lock */ = {
			isa = PBXShellScriptBuildPhase;
			buildActionMask = 2147483647;
			files = (
			);
			inputFileListPaths = (
			);
			inputPaths = (
				"${PODS_PODFILE_DIR_PATH}/Podfile.lock",
				"${PODS_ROOT}/Manifest.lock",
			);
			name = "[CP] Check Pods Manifest.lock";
			outputFileListPaths = (
			);
			outputPaths = (
				"$(DERIVED_FILE_DIR)/Pods-Music PlayerTests-checkManifestLockResult.txt",
			);
			runOnlyForDeploymentPostprocessing = 0;
			shellPath = /bin/sh;
			shellScript = "diff \"${PODS_PODFILE_DIR_PATH}/Podfile.lock\" \"${PODS_ROOT}/Manifest.lock\" > /dev/null\nif [ $? != 0 ] ; then\n    # print error to STDERR\n    echo \"error: The sandbox is not in sync with the Podfile.lock. Run 'pod install' or update your CocoaPods installation.\" >&2\n    exit 1\nfi\n# This output is used by Xcode 'outputs' to avoid re-running this script phase.\necho \"SUCCESS\" > \"${SCRIPT_OUTPUT_FILE_0}\"\n";
			showEnvVarsInLog = 0;
		};
		E0260A5A9A4F0BC56490A90F /* [CP] Check Pods Manifest.lock */ = {
			isa = PBXShellScriptBuildPhase;
			buildActionMask = 2147483647;
			files = (
			);
			inputFileListPaths = (
			);
			inputPaths = (
				"${PODS_PODFILE_DIR_PATH}/Podfile.lock",
				"${PODS_ROOT}/Manifest.lock",
			);
			name = "[CP] Check Pods Manifest.lock";
			outputFileListPaths = (
			);
			outputPaths = (
				"$(DERIVED_FILE_DIR)/Pods-Music Player-checkManifestLockResult.txt",
			);
			runOnlyForDeploymentPostprocessing = 0;
			shellPath = /bin/sh;
			shellScript = "diff \"${PODS_PODFILE_DIR_PATH}/Podfile.lock\" \"${PODS_ROOT}/Manifest.lock\" > /dev/null\nif [ $? != 0 ] ; then\n    # print error to STDERR\n    echo \"error: The sandbox is not in sync with the Podfile.lock. Run 'pod install' or update your CocoaPods installation.\" >&2\n    exit 1\nfi\n# This output is used by Xcode 'outputs' to avoid re-running this script phase.\necho \"SUCCESS\" > \"${SCRIPT_OUTPUT_FILE_0}\"\n";
			showEnvVarsInLog = 0;
		};
/* End PBXShellScriptBuildPhase section */

/* Begin PBXSourcesBuildPhase section */
		0524AC8F228CD25D000D27A9 /* Sources */ = {
			isa = PBXSourcesBuildPhase;
			buildActionMask = 2147483647;
			files = (
				0524AC9B228CD25D000D27A9 /* SecondViewController.swift in Sources */,
				058BAB98228DEA6F0078999F /* BaseViewController.swift in Sources */,
				0524AC97228CD25D000D27A9 /* AppDelegate.swift in Sources */,
				0524AC99228CD25D000D27A9 /* FirstViewController.swift in Sources */,
			);
			runOnlyForDeploymentPostprocessing = 0;
		};
		0524ACA5228CD25E000D27A9 /* Sources */ = {
			isa = PBXSourcesBuildPhase;
			buildActionMask = 2147483647;
			files = (
				0524ACAE228CD25E000D27A9 /* Music_PlayerTests.swift in Sources */,
			);
			runOnlyForDeploymentPostprocessing = 0;
		};
		0524ACB0228CD25E000D27A9 /* Sources */ = {
			isa = PBXSourcesBuildPhase;
			buildActionMask = 2147483647;
			files = (
				0524ACB9228CD25E000D27A9 /* Music_PlayerUITests.swift in Sources */,
			);
			runOnlyForDeploymentPostprocessing = 0;
		};
/* End PBXSourcesBuildPhase section */

/* Begin PBXTargetDependency section */
		0524ACAB228CD25E000D27A9 /* PBXTargetDependency */ = {
			isa = PBXTargetDependency;
			target = 0524AC92228CD25D000D27A9 /* Music Player */;
			targetProxy = 0524ACAA228CD25E000D27A9 /* PBXContainerItemProxy */;
		};
		0524ACB6228CD25E000D27A9 /* PBXTargetDependency */ = {
			isa = PBXTargetDependency;
			target = 0524AC92228CD25D000D27A9 /* Music Player */;
			targetProxy = 0524ACB5228CD25E000D27A9 /* PBXContainerItemProxy */;
		};
/* End PBXTargetDependency section */

/* Begin PBXVariantGroup section */
		0524AC9C228CD25D000D27A9 /* Main.storyboard */ = {
			isa = PBXVariantGroup;
			children = (
				0524AC9D228CD25D000D27A9 /* Base */,
			);
			name = Main.storyboard;
			sourceTree = "<group>";
		};
		0524ACA1228CD25E000D27A9 /* LaunchScreen.storyboard */ = {
			isa = PBXVariantGroup;
			children = (
				0524ACA2228CD25E000D27A9 /* Base */,
			);
			name = LaunchScreen.storyboard;
			sourceTree = "<group>";
		};
/* End PBXVariantGroup section */

/* Begin XCBuildConfiguration section */
		0524ACBB228CD25F000D27A9 /* Debug */ = {
			isa = XCBuildConfiguration;
			buildSettings = {
				ALWAYS_SEARCH_USER_PATHS = NO;
				CLANG_ANALYZER_NONNULL = YES;
				CLANG_ANALYZER_NUMBER_OBJECT_CONVERSION = YES_AGGRESSIVE;
				CLANG_CXX_LANGUAGE_STANDARD = "gnu++14";
				CLANG_CXX_LIBRARY = "libc++";
				CLANG_ENABLE_MODULES = YES;
				CLANG_ENABLE_OBJC_ARC = YES;
				CLANG_ENABLE_OBJC_WEAK = YES;
				CLANG_WARN_BLOCK_CAPTURE_AUTORELEASING = YES;
				CLANG_WARN_BOOL_CONVERSION = YES;
				CLANG_WARN_COMMA = YES;
				CLANG_WARN_CONSTANT_CONVERSION = YES;
				CLANG_WARN_DEPRECATED_OBJC_IMPLEMENTATIONS = YES;
				CLANG_WARN_DIRECT_OBJC_ISA_USAGE = YES_ERROR;
				CLANG_WARN_DOCUMENTATION_COMMENTS = YES;
				CLANG_WARN_EMPTY_BODY = YES;
				CLANG_WARN_ENUM_CONVERSION = YES;
				CLANG_WARN_INFINITE_RECURSION = YES;
				CLANG_WARN_INT_CONVERSION = YES;
				CLANG_WARN_NON_LITERAL_NULL_CONVERSION = YES;
				CLANG_WARN_OBJC_IMPLICIT_RETAIN_SELF = YES;
				CLANG_WARN_OBJC_LITERAL_CONVERSION = YES;
				CLANG_WARN_OBJC_ROOT_CLASS = YES_ERROR;
				CLANG_WARN_RANGE_LOOP_ANALYSIS = YES;
				CLANG_WARN_STRICT_PROTOTYPES = YES;
				CLANG_WARN_SUSPICIOUS_MOVE = YES;
				CLANG_WARN_UNGUARDED_AVAILABILITY = YES_AGGRESSIVE;
				CLANG_WARN_UNREACHABLE_CODE = YES;
				CLANG_WARN__DUPLICATE_METHOD_MATCH = YES;
				CODE_SIGN_IDENTITY = "iPhone Developer";
				COPY_PHASE_STRIP = NO;
				DEBUG_INFORMATION_FORMAT = dwarf;
				ENABLE_STRICT_OBJC_MSGSEND = YES;
				ENABLE_TESTABILITY = YES;
				GCC_C_LANGUAGE_STANDARD = gnu11;
				GCC_DYNAMIC_NO_PIC = NO;
				GCC_NO_COMMON_BLOCKS = YES;
				GCC_OPTIMIZATION_LEVEL = 0;
				GCC_PREPROCESSOR_DEFINITIONS = (
					"DEBUG=1",
					"$(inherited)",
				);
				GCC_WARN_64_TO_32_BIT_CONVERSION = YES;
				GCC_WARN_ABOUT_RETURN_TYPE = YES_ERROR;
				GCC_WARN_UNDECLARED_SELECTOR = YES;
				GCC_WARN_UNINITIALIZED_AUTOS = YES_AGGRESSIVE;
				GCC_WARN_UNUSED_FUNCTION = YES;
				GCC_WARN_UNUSED_VARIABLE = YES;
				IPHONEOS_DEPLOYMENT_TARGET = 12.1;
				MTL_ENABLE_DEBUG_INFO = INCLUDE_SOURCE;
				MTL_FAST_MATH = YES;
				ONLY_ACTIVE_ARCH = YES;
				SDKROOT = iphoneos;
				SWIFT_ACTIVE_COMPILATION_CONDITIONS = DEBUG;
				SWIFT_OPTIMIZATION_LEVEL = "-Onone";
			};
			name = Debug;
		};
		0524ACBC228CD25F000D27A9 /* Release */ = {
			isa = XCBuildConfiguration;
			buildSettings = {
				ALWAYS_SEARCH_USER_PATHS = NO;
				CLANG_ANALYZER_NONNULL = YES;
				CLANG_ANALYZER_NUMBER_OBJECT_CONVERSION = YES_AGGRESSIVE;
				CLANG_CXX_LANGUAGE_STANDARD = "gnu++14";
				CLANG_CXX_LIBRARY = "libc++";
				CLANG_ENABLE_MODULES = YES;
				CLANG_ENABLE_OBJC_ARC = YES;
				CLANG_ENABLE_OBJC_WEAK = YES;
				CLANG_WARN_BLOCK_CAPTURE_AUTORELEASING = YES;
				CLANG_WARN_BOOL_CONVERSION = YES;
				CLANG_WARN_COMMA = YES;
				CLANG_WARN_CONSTANT_CONVERSION = YES;
				CLANG_WARN_DEPRECATED_OBJC_IMPLEMENTATIONS = YES;
				CLANG_WARN_DIRECT_OBJC_ISA_USAGE = YES_ERROR;
				CLANG_WARN_DOCUMENTATION_COMMENTS = YES;
				CLANG_WARN_EMPTY_BODY = YES;
				CLANG_WARN_ENUM_CONVERSION = YES;
				CLANG_WARN_INFINITE_RECURSION = YES;
				CLANG_WARN_INT_CONVERSION = YES;
				CLANG_WARN_NON_LITERAL_NULL_CONVERSION = YES;
				CLANG_WARN_OBJC_IMPLICIT_RETAIN_SELF = YES;
				CLANG_WARN_OBJC_LITERAL_CONVERSION = YES;
				CLANG_WARN_OBJC_ROOT_CLASS = YES_ERROR;
				CLANG_WARN_RANGE_LOOP_ANALYSIS = YES;
				CLANG_WARN_STRICT_PROTOTYPES = YES;
				CLANG_WARN_SUSPICIOUS_MOVE = YES;
				CLANG_WARN_UNGUARDED_AVAILABILITY = YES_AGGRESSIVE;
				CLANG_WARN_UNREACHABLE_CODE = YES;
				CLANG_WARN__DUPLICATE_METHOD_MATCH = YES;
				CODE_SIGN_IDENTITY = "iPhone Developer";
				COPY_PHASE_STRIP = NO;
				DEBUG_INFORMATION_FORMAT = "dwarf-with-dsym";
				ENABLE_NS_ASSERTIONS = NO;
				ENABLE_STRICT_OBJC_MSGSEND = YES;
				GCC_C_LANGUAGE_STANDARD = gnu11;
				GCC_NO_COMMON_BLOCKS = YES;
				GCC_WARN_64_TO_32_BIT_CONVERSION = YES;
				GCC_WARN_ABOUT_RETURN_TYPE = YES_ERROR;
				GCC_WARN_UNDECLARED_SELECTOR = YES;
				GCC_WARN_UNINITIALIZED_AUTOS = YES_AGGRESSIVE;
				GCC_WARN_UNUSED_FUNCTION = YES;
				GCC_WARN_UNUSED_VARIABLE = YES;
				IPHONEOS_DEPLOYMENT_TARGET = 12.1;
				MTL_ENABLE_DEBUG_INFO = NO;
				MTL_FAST_MATH = YES;
				SDKROOT = iphoneos;
				SWIFT_COMPILATION_MODE = wholemodule;
				SWIFT_OPTIMIZATION_LEVEL = "-O";
				VALIDATE_PRODUCT = YES;
			};
			name = Release;
		};
		0524ACBE228CD25F000D27A9 /* Debug */ = {
			isa = XCBuildConfiguration;
			baseConfigurationReference = E558EE47B3C6779AD9D3120F /* Pods-Music Player.debug.xcconfig */;
			buildSettings = {
				ASSETCATALOG_COMPILER_APPICON_NAME = AppIcon;
				CODE_SIGN_STYLE = Automatic;
				INFOPLIST_FILE = "Music Player/Info.plist";
				LD_RUNPATH_SEARCH_PATHS = (
					"$(inherited)",
					"@executable_path/Frameworks",
				);
				PRODUCT_BUNDLE_IDENTIFIER = "JarenL.Music-Player";
				PRODUCT_NAME = "$(TARGET_NAME)";
				SWIFT_VERSION = 4.2;
				TARGETED_DEVICE_FAMILY = "1,2";
			};
			name = Debug;
		};
		0524ACBF228CD25F000D27A9 /* Release */ = {
			isa = XCBuildConfiguration;
			baseConfigurationReference = FBC5BF7088FDC287BC0278AA /* Pods-Music Player.release.xcconfig */;
			buildSettings = {
				ASSETCATALOG_COMPILER_APPICON_NAME = AppIcon;
				CODE_SIGN_STYLE = Automatic;
				INFOPLIST_FILE = "Music Player/Info.plist";
				LD_RUNPATH_SEARCH_PATHS = (
					"$(inherited)",
					"@executable_path/Frameworks",
				);
				PRODUCT_BUNDLE_IDENTIFIER = "JarenL.Music-Player";
				PRODUCT_NAME = "$(TARGET_NAME)";
				SWIFT_VERSION = 4.2;
				TARGETED_DEVICE_FAMILY = "1,2";
			};
			name = Release;
		};
		0524ACC1228CD25F000D27A9 /* Debug */ = {
			isa = XCBuildConfiguration;
			baseConfigurationReference = 3E4772A363FB2371CA27C977 /* Pods-Music PlayerTests.debug.xcconfig */;
			buildSettings = {
				ALWAYS_EMBED_SWIFT_STANDARD_LIBRARIES = YES;
				BUNDLE_LOADER = "$(TEST_HOST)";
				CODE_SIGN_STYLE = Automatic;
				INFOPLIST_FILE = "Music PlayerTests/Info.plist";
				LD_RUNPATH_SEARCH_PATHS = (
					"$(inherited)",
					"@executable_path/Frameworks",
					"@loader_path/Frameworks",
				);
				PRODUCT_BUNDLE_IDENTIFIER = "JarenL.Music-PlayerTests";
				PRODUCT_NAME = "$(TARGET_NAME)";
				SWIFT_VERSION = 4.2;
				TARGETED_DEVICE_FAMILY = "1,2";
				TEST_HOST = "$(BUILT_PRODUCTS_DIR)/Music Player.app/Music Player";
			};
			name = Debug;
		};
		0524ACC2228CD25F000D27A9 /* Release */ = {
			isa = XCBuildConfiguration;
			baseConfigurationReference = B14E1364EAB089A0C3338668 /* Pods-Music PlayerTests.release.xcconfig */;
			buildSettings = {
				ALWAYS_EMBED_SWIFT_STANDARD_LIBRARIES = YES;
				BUNDLE_LOADER = "$(TEST_HOST)";
				CODE_SIGN_STYLE = Automatic;
				INFOPLIST_FILE = "Music PlayerTests/Info.plist";
				LD_RUNPATH_SEARCH_PATHS = (
					"$(inherited)",
					"@executable_path/Frameworks",
					"@loader_path/Frameworks",
				);
				PRODUCT_BUNDLE_IDENTIFIER = "JarenL.Music-PlayerTests";
				PRODUCT_NAME = "$(TARGET_NAME)";
				SWIFT_VERSION = 4.2;
				TARGETED_DEVICE_FAMILY = "1,2";
				TEST_HOST = "$(BUILT_PRODUCTS_DIR)/Music Player.app/Music Player";
			};
			name = Release;
		};
		0524ACC4228CD25F000D27A9 /* Debug */ = {
			isa = XCBuildConfiguration;
			baseConfigurationReference = 487A4F8F9B0FDC103B673735 /* Pods-Music PlayerUITests.debug.xcconfig */;
			buildSettings = {
				ALWAYS_EMBED_SWIFT_STANDARD_LIBRARIES = YES;
				CODE_SIGN_STYLE = Automatic;
				INFOPLIST_FILE = "Music PlayerUITests/Info.plist";
				LD_RUNPATH_SEARCH_PATHS = (
					"$(inherited)",
					"@executable_path/Frameworks",
					"@loader_path/Frameworks",
				);
				PRODUCT_BUNDLE_IDENTIFIER = "JarenL.Music-PlayerUITests";
				PRODUCT_NAME = "$(TARGET_NAME)";
				SWIFT_VERSION = 4.2;
				TARGETED_DEVICE_FAMILY = "1,2";
				TEST_TARGET_NAME = "Music Player";
			};
			name = Debug;
		};
		0524ACC5228CD25F000D27A9 /* Release */ = {
			isa = XCBuildConfiguration;
			baseConfigurationReference = 867206D92C31DCC9B7E33B73 /* Pods-Music PlayerUITests.release.xcconfig */;
			buildSettings = {
				ALWAYS_EMBED_SWIFT_STANDARD_LIBRARIES = YES;
				CODE_SIGN_STYLE = Automatic;
				INFOPLIST_FILE = "Music PlayerUITests/Info.plist";
				LD_RUNPATH_SEARCH_PATHS = (
					"$(inherited)",
					"@executable_path/Frameworks",
					"@loader_path/Frameworks",
				);
				PRODUCT_BUNDLE_IDENTIFIER = "JarenL.Music-PlayerUITests";
				PRODUCT_NAME = "$(TARGET_NAME)";
				SWIFT_VERSION = 4.2;
				TARGETED_DEVICE_FAMILY = "1,2";
				TEST_TARGET_NAME = "Music Player";
			};
			name = Release;
		};
/* End XCBuildConfiguration section */

/* Begin XCConfigurationList section */
		0524AC8E228CD25D000D27A9 /* Build configuration list for PBXProject "Music Player" */ = {
			isa = XCConfigurationList;
			buildConfigurations = (
				0524ACBB228CD25F000D27A9 /* Debug */,
				0524ACBC228CD25F000D27A9 /* Release */,
			);
			defaultConfigurationIsVisible = 0;
			defaultConfigurationName = Release;
		};
		0524ACBD228CD25F000D27A9 /* Build configuration list for PBXNativeTarget "Music Player" */ = {
			isa = XCConfigurationList;
			buildConfigurations = (
				0524ACBE228CD25F000D27A9 /* Debug */,
				0524ACBF228CD25F000D27A9 /* Release */,
			);
			defaultConfigurationIsVisible = 0;
			defaultConfigurationName = Release;
		};
		0524ACC0228CD25F000D27A9 /* Build configuration list for PBXNativeTarget "Music PlayerTests" */ = {
			isa = XCConfigurationList;
			buildConfigurations = (
				0524ACC1228CD25F000D27A9 /* Debug */,
				0524ACC2228CD25F000D27A9 /* Release */,
			);
			defaultConfigurationIsVisible = 0;
			defaultConfigurationName = Release;
		};
		0524ACC3228CD25F000D27A9 /* Build configuration list for PBXNativeTarget "Music PlayerUITests" */ = {
			isa = XCConfigurationList;
			buildConfigurations = (
				0524ACC4228CD25F000D27A9 /* Debug */,
				0524ACC5228CD25F000D27A9 /* Release */,
			);
			defaultConfigurationIsVisible = 0;
			defaultConfigurationName = Release;
		};
/* End XCConfigurationList section */
	};
	rootObject = 0524AC8B228CD25D000D27A9 /* Project object */;
}
